{
  "version": 4,
  "terraform_version": "1.14.4",
  "serial": 43,
  "lineage": "a4a74054-68dd-1d38-6324-79d3c159ae48",
  "outputs": {
    "application_admin_groups": {
      "value": {
        "petclinic01": {
          "id": "d7cd0dc9-29c6-4655-a36e-fd8af88e2ca9",
          "name": "petclinic01-Admins"
        },
        "petclinic02": {
          "id": "d7a87869-2224-44c0-94b7-5d1bcc8687c6",
          "name": "petclinic02-Admins"
        }
      },
      "type": [
        "object",
        {
          "petclinic01": [
            "object",
            {
              "id": "string",
              "name": "string"
            }
          ],
          "petclinic02": [
            "object",
            {
              "id": "string",
              "name": "string"
            }
          ]
        }
      ]
    },
    "application_boundaries": {
      "value": {
        "petclinic01": {
          "id": "d2dda510-004a-4218-9075-d5e2d0bae9a6",
          "name": "Boundary-petclinic01"
        },
        "petclinic02": {
          "id": "2dfebb75-48ce-4cc0-8337-ae00fd117e87",
          "name": "Boundary-petclinic02"
        }
      },
      "type": [
        "object",
        {
          "petclinic01": [
            "object",
            {
              "id": "string",
              "name": "string"
            }
          ],
          "petclinic02": [
            "object",
            {
              "id": "string",
              "name": "string"
            }
          ]
        }
      ]
    },
    "application_settings_boundaries": {
      "value": {
        "petclinic01": {
          "id": "0fc0f75b-1a71-438c-b882-7b62fe67be02",
          "name": "Boundary-petclinic01-Settings"
        },
        "petclinic02": {
          "id": "141ae73d-facd-4514-bd41-bb2da63331b7",
          "name": "Boundary-petclinic02-Settings"
        }
      },
      "type": [
        "object",
        {
          "petclinic01": [
            "object",
            {
              "id": "string",
              "name": "string"
            }
          ],
          "petclinic02": [
            "object",
            {
              "id": "string",
              "name": "string"
            }
          ]
        }
      ]
    },
    "application_user_groups": {
      "value": {
        "petclinic01": {
          "id": "7ef34587-e958-499c-9767-4c5c21b9b82d",
          "name": "petclinic01-Users"
        },
        "petclinic02": {
          "id": "5122a509-5067-467d-9742-f9582e56e910",
          "name": "petclinic02-Users"
        }
      },
      "type": [
        "object",
        {
          "petclinic01": [
            "object",
            {
              "id": "string",
              "name": "string"
            }
          ],
          "petclinic02": [
            "object",
            {
              "id": "string",
              "name": "string"
            }
          ]
        }
      ]
    },
    "bu_admin_groups": {
      "value": {
        "bu1": {
          "id": "de1c239c-15ea-45c9-956b-34cb9659d936",
          "name": "bu1-Admins"
        },
        "bu2": {
          "id": "ce9cfe40-c683-44cf-9911-29871b1ff61a",
          "name": "bu2-Admins"
        }
      },
      "type": [
        "object",
        {
          "bu1": [
            "object",
            {
              "id": "string",
              "name": "string"
            }
          ],
          "bu2": [
            "object",
            {
              "id": "string",
              "name": "string"
            }
          ]
        }
      ]
    },
    "bu_boundaries": {
      "value": {
        "bu1": {
          "id": "52c851ec-5d7f-4d42-a7c5-5a386a48ab81",
          "name": "Boundary-bu1"
        },
        "bu2": {
          "id": "40afe089-a5bf-4a27-9512-d041f7e9efe2",
          "name": "Boundary-bu2"
        }
      },
      "type": [
        "object",
        {
          "bu1": [
            "object",
            {
              "id": "string",
              "name": "string"
            }
          ],
          "bu2": [
            "object",
            {
              "id": "string",
              "name": "string"
            }
          ]
        }
      ]
    },
    "bu_settings_boundaries": {
      "value": {
        "bu1": {
          "id": "846ea5e5-2cb2-4d1a-8b18-572f966ee2b6",
          "name": "Boundary-bu1-Settings"
        },
        "bu2": {
          "id": "18c1f0c7-22c7-4954-8525-55222c23b837",
          "name": "Boundary-bu2-Settings"
        }
      },
      "type": [
        "object",
        {
          "bu1": [
            "object",
            {
              "id": "string",
              "name": "string"
            }
          ],
          "bu2": [
            "object",
            {
              "id": "string",
              "name": "string"
            }
          ]
        }
      ]
    },
    "bu_user_groups": {
      "value": {
        "bu1": {
          "id": "3d53bab9-7273-4ee2-9e5a-239a024c89c8",
          "name": "bu1-Users"
        },
        "bu2": {
          "id": "5c21f622-faa8-42c4-a5b3-b8c0725cc1af",
          "name": "bu2-Users"
        }
      },
      "type": [
        "object",
        {
          "bu1": [
            "object",
            {
              "id": "string",
              "name": "string"
            }
          ],
          "bu2": [
            "object",
            {
              "id": "string",
              "name": "string"
            }
          ]
        }
      ]
    },
    "custom_policies": {
      "value": {
        "admin_features": "d796c7d1-0620-4b94-9d6e-e51e1ae5e5c9#-#account#-#2eacb30f-4a0e-4435-b96b-7c67be0bcebc",
        "scoped_data_read": "6289bb58-de26-4ac7-86d6-0b05aab6acee#-#account#-#2eacb30f-4a0e-4435-b96b-7c67be0bcebc",
        "scoped_settings_read": "53f33280-ccb5-40cf-b241-d9395a009cf4#-#account#-#2eacb30f-4a0e-4435-b96b-7c67be0bcebc",
        "scoped_settings_write": "71395d0e-999f-446a-8330-8086e992deef#-#account#-#2eacb30f-4a0e-4435-b96b-7c67be0bcebc",
        "slo_manager": "107ab8ae-7524-4922-a0d2-6ec208e264f4#-#account#-#2eacb30f-4a0e-4435-b96b-7c67be0bcebc"
      },
      "type": [
        "object",
        {
          "admin_features": "string",
          "scoped_data_read": "string",
          "scoped_settings_read": "string",
          "scoped_settings_write": "string",
          "slo_manager": "string"
        }
      ]
    },
    "iam_summary": {
      "value": {
        "applications": [
          "petclinic01",
          "petclinic02"
        ],
        "boundaries_created": 8,
        "business_units": [
          "bu1",
          "bu2"
        ],
        "groups_created": 8
      },
      "type": [
        "object",
        {
          "applications": [
            "list",
            "string"
          ],
          "boundaries_created": "number",
          "business_units": [
            "list",
            "string"
          ],
          "groups_created": "number"
        }
      ]
    }
  },
  "resources": [
    {
      "mode": "data",
      "type": "dynatrace_iam_policy",
      "name": "pro_user",
      "provider": "provider[\"registry.terraform.io/dynatrace-oss/dynatrace\"]",
      "instances": [
        {
          "schema_version": 0,
          "attributes": {
            "account": null,
            "environment": null,
            "id": "d07b0c23-a859-45ef-ab33-757dd879f03e#-#global#-#global",
            "name": "Pro User",
            "uuid": "d07b0c23-a859-45ef-ab33-757dd879f03e"
          },
          "sensitive_attributes": [],
          "identity_schema_version": 0
        }
      ]
    },
    {
      "mode": "data",
      "type": "dynatrace_iam_policy",
      "name": "read_bizevents",
      "provider": "provider[\"registry.terraform.io/dynatrace-oss/dynatrace\"]",
      "instances": [
        {
          "schema_version": 0,
          "attributes": {
            "account": null,
            "environment": null,
            "id": "349467e2-d573-477d-9fe4-8a78aeafcd1d#-#global#-#global",
            "name": "Read BizEvents",
            "uuid": "349467e2-d573-477d-9fe4-8a78aeafcd1d"
          },
          "sensitive_attributes": [],
          "identity_schema_version": 0
        }
      ]
    },
    {
      "mode": "data",
      "type": "dynatrace_iam_policy",
      "name": "read_entities",
      "provider": "provider[\"registry.terraform.io/dynatrace-oss/dynatrace\"]",
      "instances": [
        {
          "schema_version": 0,
          "attributes": {
            "account": null,
            "environment": null,
            "id": "a1a8f46c-ee30-459d-9ad6-f0656b0ad4bd#-#global#-#global",
            "name": "Read Entities",
            "uuid": "a1a8f46c-ee30-459d-9ad6-f0656b0ad4bd"
          },
          "sensitive_attributes": [],
          "identity_schema_version": 0
        }
      ]
    },
    {
      "mode": "data",
      "type": "dynatrace_iam_policy",
      "name": "read_events",
      "provider": "provider[\"registry.terraform.io/dynatrace-oss/dynatrace\"]",
      "instances": [
        {
          "schema_version": 0,
          "attributes": {
            "account": null,
            "environment": null,
            "id": "fd004d9c-4b4e-49f7-bf22-b5d3e148803b#-#global#-#global",
            "name": "Read Events",
            "uuid": "fd004d9c-4b4e-49f7-bf22-b5d3e148803b"
          },
          "sensitive_attributes": [],
          "identity_schema_version": 0
        }
      ]
    },
    {
      "mode": "data",
      "type": "dynatrace_iam_policy",
      "name": "read_logs",
      "provider": "provider[\"registry.terraform.io/dynatrace-oss/dynatrace\"]",
      "instances": [
        {
          "schema_version": 0,
          "attributes": {
            "account": null,
            "environment": null,
            "id": "e10c9d3c-034a-49af-b22e-57e2574dc233#-#global#-#global",
            "name": "Read Logs",
            "uuid": "e10c9d3c-034a-49af-b22e-57e2574dc233"
          },
          "sensitive_attributes": [],
          "identity_schema_version": 0
        }
      ]
    },
    {
      "mode": "data",
      "type": "dynatrace_iam_policy",
      "name": "read_metrics",
      "provider": "provider[\"registry.terraform.io/dynatrace-oss/dynatrace\"]",
      "instances": [
        {
          "schema_version": 0,
          "attributes": {
            "account": null,
            "environment": null,
            "id": "608df590-e9df-4218-8352-5848e5d18491#-#global#-#global",
            "name": "Read Metrics",
            "uuid": "608df590-e9df-4218-8352-5848e5d18491"
          },
          "sensitive_attributes": [],
          "identity_schema_version": 0
        }
      ]
    },
    {
      "mode": "data",
      "type": "dynatrace_iam_policy",
      "name": "read_spans",
      "provider": "provider[\"registry.terraform.io/dynatrace-oss/dynatrace\"]",
      "instances": [
        {
          "schema_version": 0,
          "attributes": {
            "account": null,
            "environment": null,
            "id": "27a94c45-5a4f-4e1a-87aa-2d1f6b380e18#-#global#-#global",
            "name": "Read Spans",
            "uuid": "27a94c45-5a4f-4e1a-87aa-2d1f6b380e18"
          },
          "sensitive_attributes": [],
          "identity_schema_version": 0
        }
      ]
    },
    {
      "mode": "data",
      "type": "dynatrace_iam_policy",
      "name": "read_system_events",
      "provider": "provider[\"registry.terraform.io/dynatrace-oss/dynatrace\"]",
      "instances": [
        {
          "schema_version": 0,
          "attributes": {
            "account": null,
            "environment": null,
            "id": "c9fbe9a4-178c-45ab-b7b5-06e03d9a4eff#-#global#-#global",
            "name": "Read System Events",
            "uuid": "c9fbe9a4-178c-45ab-b7b5-06e03d9a4eff"
          },
          "sensitive_attributes": [],
          "identity_schema_version": 0
        }
      ]
    },
    {
      "mode": "data",
      "type": "dynatrace_iam_policy",
      "name": "settings_reader",
      "provider": "provider[\"registry.terraform.io/dynatrace-oss/dynatrace\"]",
      "instances": [
        {
          "schema_version": 0,
          "attributes": {
            "account": null,
            "environment": null,
            "id": "84280377-8b3f-4c39-948f-69d99c9ed3bb#-#global#-#global",
            "name": "Settings Reader",
            "uuid": "84280377-8b3f-4c39-948f-69d99c9ed3bb"
          },
          "sensitive_attributes": [],
          "identity_schema_version": 0
        }
      ]
    },
    {
      "mode": "data",
      "type": "dynatrace_iam_policy",
      "name": "settings_writer",
      "provider": "provider[\"registry.terraform.io/dynatrace-oss/dynatrace\"]",
      "instances": [
        {
          "schema_version": 0,
          "attributes": {
            "account": null,
            "environment": null,
            "id": "f18e88d0-905e-414e-a3c2-7107eb042f2d#-#global#-#global",
            "name": "Settings Writer",
            "uuid": "f18e88d0-905e-414e-a3c2-7107eb042f2d"
          },
          "sensitive_attributes": [],
          "identity_schema_version": 0
        }
      ]
    },
    {
      "mode": "data",
      "type": "dynatrace_iam_policy",
      "name": "standard_user",
      "provider": "provider[\"registry.terraform.io/dynatrace-oss/dynatrace\"]",
      "instances": [
        {
          "schema_version": 0,
          "attributes": {
            "account": null,
            "environment": null,
            "id": "a0624700-cd4e-4c1f-879f-9c249b0532f2#-#global#-#global",
            "name": "Standard User",
            "uuid": "a0624700-cd4e-4c1f-879f-9c249b0532f2"
          },
          "sensitive_attributes": [],
          "identity_schema_version": 0
        }
      ]
    },
    {
      "mode": "managed",
      "type": "dynatrace_iam_group",
      "name": "application_admins",
      "provider": "provider[\"registry.terraform.io/dynatrace-oss/dynatrace\"]",
      "instances": [
        {
          "index_key": "petclinic01",
          "schema_version": 0,
          "attributes": {
            "description": "Administrators for PetClinic 01 - belongs to bu1 (bu1). Can manage settings for this application.",
            "federated_attribute_values": [],
            "id": "d7cd0dc9-29c6-4655-a36e-fd8af88e2ca9",
            "name": "petclinic01-Admins",
            "permissions": []
          },
          "sensitive_attributes": [],
          "identity_schema_version": 0,
          "private": "bnVsbA=="
        },
        {
          "index_key": "petclinic02",
          "schema_version": 0,
          "attributes": {
            "description": "Administrators for PetClinic 02 - belongs to bu2 (bu2). Can manage settings for this application.",
            "federated_attribute_values": [],
            "id": "d7a87869-2224-44c0-94b7-5d1bcc8687c6",
            "name": "petclinic02-Admins",
            "permissions": []
          },
          "sensitive_attributes": [],
          "identity_schema_version": 0,
          "private": "bnVsbA=="
        }
      ]
    },
    {
      "mode": "managed",
      "type": "dynatrace_iam_group",
      "name": "application_users",
      "provider": "provider[\"registry.terraform.io/dynatrace-oss/dynatrace\"]",
      "instances": [
        {
          "index_key": "petclinic01",
          "schema_version": 0,
          "attributes": {
            "description": "Users for PetClinic 01 - belongs to bu1 (bu1). Read-only access to application data.",
            "federated_attribute_values": [],
            "id": "7ef34587-e958-499c-9767-4c5c21b9b82d",
            "name": "petclinic01-Users",
            "permissions": []
          },
          "sensitive_attributes": [],
          "identity_schema_version": 0,
          "private": "bnVsbA=="
        },
        {
          "index_key": "petclinic02",
          "schema_version": 0,
          "attributes": {
            "description": "Users for PetClinic 02 - belongs to bu2 (bu2). Read-only access to application data.",
            "federated_attribute_values": [],
            "id": "5122a509-5067-467d-9742-f9582e56e910",
            "name": "petclinic02-Users",
            "permissions": []
          },
          "sensitive_attributes": [],
          "identity_schema_version": 0,
          "private": "bnVsbA=="
        }
      ]
    },
    {
      "mode": "managed",
      "type": "dynatrace_iam_group",
      "name": "bu_admins",
      "provider": "provider[\"registry.terraform.io/dynatrace-oss/dynatrace\"]",
      "instances": [
        {
          "index_key": "bu1",
          "schema_version": 0,
          "attributes": {
            "description": "Administrators for Business Unit 1. Full access to all bu1 data and settings.",
            "federated_attribute_values": [],
            "id": "de1c239c-15ea-45c9-956b-34cb9659d936",
            "name": "bu1-Admins",
            "permissions": []
          },
          "sensitive_attributes": [],
          "identity_schema_version": 0,
          "private": "bnVsbA=="
        },
        {
          "index_key": "bu2",
          "schema_version": 0,
          "attributes": {
            "description": "Administrators for Business Unit 2. Full access to all bu2 data and settings.",
            "federated_attribute_values": [],
            "id": "ce9cfe40-c683-44cf-9911-29871b1ff61a",
            "name": "bu2-Admins",
            "permissions": []
          },
          "sensitive_attributes": [],
          "identity_schema_version": 0,
          "private": "bnVsbA=="
        }
      ]
    },
    {
      "mode": "managed",
      "type": "dynatrace_iam_group",
      "name": "bu_users",
      "provider": "provider[\"registry.terraform.io/dynatrace-oss/dynatrace\"]",
      "instances": [
        {
          "index_key": "bu1",
          "schema_version": 0,
          "attributes": {
            "description": "Users for Business Unit 1. Read access to all bu1 data.",
            "federated_attribute_values": [],
            "id": "3d53bab9-7273-4ee2-9e5a-239a024c89c8",
            "name": "bu1-Users",
            "permissions": []
          },
          "sensitive_attributes": [],
          "identity_schema_version": 0,
          "private": "bnVsbA=="
        },
        {
          "index_key": "bu2",
          "schema_version": 0,
          "attributes": {
            "description": "Users for Business Unit 2. Read access to all bu2 data.",
            "federated_attribute_values": [],
            "id": "5c21f622-faa8-42c4-a5b3-b8c0725cc1af",
            "name": "bu2-Users",
            "permissions": []
          },
          "sensitive_attributes": [],
          "identity_schema_version": 0,
          "private": "bnVsbA=="
        }
      ]
    },
    {
      "mode": "managed",
      "type": "dynatrace_iam_policy",
      "name": "admin_features",
      "provider": "provider[\"registry.terraform.io/dynatrace-oss/dynatrace\"]",
      "instances": [
        {
          "schema_version": 0,
          "attributes": {
            "account": "2eacb30f-4a0e-4435-b96b-7c67be0bcebc",
            "description": "Admin-level feature access without settings:objects:write. Use with Scoped Settings Write for bounded settings access.",
            "environment": "",
            "id": "d796c7d1-0620-4b94-9d6e-e51e1ae5e5c9#-#account#-#2eacb30f-4a0e-4435-b96b-7c67be0bcebc",
            "name": "Admin Features (No Settings Write)",
            "statement_query": "// Full automation admin (Standard User only has read + SIMPLE write)\nALLOW automation:workflows:read, automation:workflows:write, automation:workflows:run, automation:workflows:admin;\nALLOW automation:calendars:read, automation:calendars:write;\nALLOW automation:rules:read, automation:rules:write;\n\n// SLO management (Standard User only has read)\nALLOW slo:slos:read, slo:slos:write;\nALLOW slo:objective-templates:read;\n\n// Extensions management (Standard User only has read)\nALLOW extensions:definitions:read, extensions:definitions:write;\nALLOW extensions:configurations:read, extensions:configurations:write;\n\n// OpenPipeline configuration\nALLOW openpipeline:configurations:read, openpipeline:configurations:write;\n\n// App Engine management\nALLOW app-engine:apps:install, app-engine:apps:delete, app-engine:apps:run;",
            "tags": [
              "iam-config",
              "managed-by-terraform"
            ],
            "uuid": "d796c7d1-0620-4b94-9d6e-e51e1ae5e5c9"
          },
          "sensitive_attributes": [],
          "identity_schema_version": 0,
          "private": "bnVsbA=="
        }
      ]
    },
    {
      "mode": "managed",
      "type": "dynatrace_iam_policy",
      "name": "scoped_data_read",
      "provider": "provider[\"registry.terraform.io/dynatrace-oss/dynatrace\"]",
      "instances": [
        {
          "schema_version": 0,
          "attributes": {
            "account": "2eacb30f-4a0e-4435-b96b-7c67be0bcebc",
            "description": "Grants read access to Grail data scoped by security_context prefix. Use bindParam for the scope.",
            "environment": "",
            "id": "6289bb58-de26-4ac7-86d6-0b05aab6acee#-#account#-#2eacb30f-4a0e-4435-b96b-7c67be0bcebc",
            "name": "Scoped Grail Data Read",
            "statement_query": "// Scoped read access to all Grail tables based on security_context\n// The security_context_prefix parameter is provided at binding time\n\n// Logs access\nALLOW storage:logs:read \n  WHERE storage:dt.security_context startsWith \"${bindParam:security_context_prefix}\";\n\n// Metrics access  \nALLOW storage:metrics:read \n  WHERE storage:dt.security_context startsWith \"${bindParam:security_context_prefix}\";\n\n// Spans/traces access\nALLOW storage:spans:read \n  WHERE storage:dt.security_context startsWith \"${bindParam:security_context_prefix}\";\n\n// Events access (excluding security events)\nALLOW storage:events:read \n  WHERE storage:dt.security_context startsWith \"${bindParam:security_context_prefix}\";\n\n// Business events access\nALLOW storage:bizevents:read \n  WHERE storage:dt.security_context startsWith \"${bindParam:security_context_prefix}\";\n\n// Entities access\nALLOW storage:entities:read \n  WHERE storage:dt.security_context startsWith \"${bindParam:security_context_prefix}\";\n\n// Smartscape access for topology\nALLOW storage:smartscape:read \n  WHERE storage:dt.security_context startsWith \"${bindParam:security_context_prefix}\";\n\n// User sessions and events (DEM data)\nALLOW storage:user.sessions:read \n  WHERE storage:dt.security_context startsWith \"${bindParam:security_context_prefix}\";\nALLOW storage:user.events:read \n  WHERE storage:dt.security_context startsWith \"${bindParam:security_context_prefix}\";",
            "tags": [
              "iam-config",
              "managed-by-terraform"
            ],
            "uuid": "6289bb58-de26-4ac7-86d6-0b05aab6acee"
          },
          "sensitive_attributes": [],
          "identity_schema_version": 0,
          "private": "bnVsbA=="
        }
      ]
    },
    {
      "mode": "managed",
      "type": "dynatrace_iam_policy",
      "name": "scoped_settings_read",
      "provider": "provider[\"registry.terraform.io/dynatrace-oss/dynatrace\"]",
      "instances": [
        {
          "schema_version": 0,
          "attributes": {
            "account": "2eacb30f-4a0e-4435-b96b-7c67be0bcebc",
            "description": "Grants read access to settings scoped by security_context. Use bindParam for the scope.",
            "environment": "",
            "id": "53f33280-ccb5-40cf-b241-d9395a009cf4#-#account#-#2eacb30f-4a0e-4435-b96b-7c67be0bcebc",
            "name": "Scoped Settings Read",
            "statement_query": "// Read settings for entities with matching security_context\nALLOW settings:objects:read \n  WHERE settings:dt.security_context startsWith \"${bindParam:security_context_prefix}\";\nALLOW settings:schemas:read;",
            "tags": [
              "iam-config",
              "managed-by-terraform"
            ],
            "uuid": "53f33280-ccb5-40cf-b241-d9395a009cf4"
          },
          "sensitive_attributes": [],
          "identity_schema_version": 0,
          "private": "bnVsbA=="
        }
      ]
    },
    {
      "mode": "managed",
      "type": "dynatrace_iam_policy",
      "name": "scoped_settings_write",
      "provider": "provider[\"registry.terraform.io/dynatrace-oss/dynatrace\"]",
      "instances": [
        {
          "schema_version": 0,
          "attributes": {
            "account": "2eacb30f-4a0e-4435-b96b-7c67be0bcebc",
            "description": "Grants write access to settings scoped by security_context. For admins only.",
            "environment": "",
            "id": "71395d0e-999f-446a-8330-8086e992deef#-#account#-#2eacb30f-4a0e-4435-b96b-7c67be0bcebc",
            "name": "Scoped Settings Write",
            "statement_query": "// Read and write settings for entities with matching security_context\nALLOW settings:objects:read, settings:objects:write\n  WHERE settings:dt.security_context startsWith \"${bindParam:security_context_prefix}\";\nALLOW settings:schemas:read;",
            "tags": [
              "iam-config",
              "managed-by-terraform"
            ],
            "uuid": "71395d0e-999f-446a-8330-8086e992deef"
          },
          "sensitive_attributes": [],
          "identity_schema_version": 0,
          "private": "bnVsbA=="
        }
      ]
    },
    {
      "mode": "managed",
      "type": "dynatrace_iam_policy",
      "name": "slo_manager",
      "provider": "provider[\"registry.terraform.io/dynatrace-oss/dynatrace\"]",
      "instances": [
        {
          "schema_version": 0,
          "attributes": {
            "account": "2eacb30f-4a0e-4435-b96b-7c67be0bcebc",
            "description": "Full access to manage Service Level Objectives",
            "environment": "",
            "id": "107ab8ae-7524-4922-a0d2-6ec208e264f4#-#account#-#2eacb30f-4a0e-4435-b96b-7c67be0bcebc",
            "name": "SLO Manager",
            "statement_query": "ALLOW slo:slos:read, slo:slos:write;\nALLOW slo:objective-templates:read;",
            "tags": [
              "iam-config",
              "managed-by-terraform"
            ],
            "uuid": "107ab8ae-7524-4922-a0d2-6ec208e264f4"
          },
          "sensitive_attributes": [],
          "identity_schema_version": 0,
          "private": "bnVsbA=="
        }
      ]
    },
    {
      "mode": "managed",
      "type": "dynatrace_iam_policy_bindings_v2",
      "name": "application_admins_data",
      "provider": "provider[\"registry.terraform.io/dynatrace-oss/dynatrace\"]",
      "instances": [
        {
          "index_key": "petclinic01",
          "schema_version": 0,
          "attributes": {
            "account": "2eacb30f-4a0e-4435-b96b-7c67be0bcebc",
            "environment": "",
            "group": "d7cd0dc9-29c6-4655-a36e-fd8af88e2ca9",
            "id": "d7cd0dc9-29c6-4655-a36e-fd8af88e2ca9#-#account#-#2eacb30f-4a0e-4435-b96b-7c67be0bcebc",
            "policy": [
              {
                "boundaries": [
                  "d2dda510-004a-4218-9075-d5e2d0bae9a6"
                ],
                "id": "27a94c45-5a4f-4e1a-87aa-2d1f6b380e18#-#global#-#global",
                "metadata": null,
                "parameters": null
              },
              {
                "boundaries": [
                  "d2dda510-004a-4218-9075-d5e2d0bae9a6"
                ],
                "id": "349467e2-d573-477d-9fe4-8a78aeafcd1d#-#global#-#global",
                "metadata": null,
                "parameters": null
              },
              {
                "boundaries": [
                  "d2dda510-004a-4218-9075-d5e2d0bae9a6"
                ],
                "id": "608df590-e9df-4218-8352-5848e5d18491#-#global#-#global",
                "metadata": null,
                "parameters": null
              },
              {
                "boundaries": [
                  "d2dda510-004a-4218-9075-d5e2d0bae9a6"
                ],
                "id": "6289bb58-de26-4ac7-86d6-0b05aab6acee#-#account#-#2eacb30f-4a0e-4435-b96b-7c67be0bcebc",
                "metadata": null,
                "parameters": {
                  "security_context_prefix": "bu1-"
                }
              },
              {
                "boundaries": [
                  "d2dda510-004a-4218-9075-d5e2d0bae9a6"
                ],
                "id": "a1a8f46c-ee30-459d-9ad6-f0656b0ad4bd#-#global#-#global",
                "metadata": null,
                "parameters": null
              },
              {
                "boundaries": [
                  "d2dda510-004a-4218-9075-d5e2d0bae9a6"
                ],
                "id": "e10c9d3c-034a-49af-b22e-57e2574dc233#-#global#-#global",
                "metadata": null,
                "parameters": null
              },
              {
                "boundaries": [
                  "d2dda510-004a-4218-9075-d5e2d0bae9a6"
                ],
                "id": "fd004d9c-4b4e-49f7-bf22-b5d3e148803b#-#global#-#global",
                "metadata": null,
                "parameters": null
              },
              {
                "boundaries": [],
                "id": "a0624700-cd4e-4c1f-879f-9c249b0532f2#-#global#-#global",
                "metadata": null,
                "parameters": null
              },
              {
                "boundaries": [],
                "id": "c9fbe9a4-178c-45ab-b7b5-06e03d9a4eff#-#global#-#global",
                "metadata": null,
                "parameters": null
              }
            ]
          },
          "sensitive_attributes": [],
          "identity_schema_version": 0,
          "private": "bnVsbA==",
          "dependencies": [
            "data.dynatrace_iam_policy.read_bizevents",
            "data.dynatrace_iam_policy.read_entities",
            "data.dynatrace_iam_policy.read_events",
            "data.dynatrace_iam_policy.read_logs",
            "data.dynatrace_iam_policy.read_metrics",
            "data.dynatrace_iam_policy.read_spans",
            "data.dynatrace_iam_policy.read_system_events",
            "data.dynatrace_iam_policy.standard_user",
            "dynatrace_iam_group.application_admins",
            "dynatrace_iam_policy.scoped_data_read",
            "dynatrace_iam_policy_boundary.application_boundary"
          ]
        },
        {
          "index_key": "petclinic02",
          "schema_version": 0,
          "attributes": {
            "account": "2eacb30f-4a0e-4435-b96b-7c67be0bcebc",
            "environment": "",
            "group": "d7a87869-2224-44c0-94b7-5d1bcc8687c6",
            "id": "d7a87869-2224-44c0-94b7-5d1bcc8687c6#-#account#-#2eacb30f-4a0e-4435-b96b-7c67be0bcebc",
            "policy": [
              {
                "boundaries": [
                  "2dfebb75-48ce-4cc0-8337-ae00fd117e87"
                ],
                "id": "27a94c45-5a4f-4e1a-87aa-2d1f6b380e18#-#global#-#global",
                "metadata": null,
                "parameters": null
              },
              {
                "boundaries": [
                  "2dfebb75-48ce-4cc0-8337-ae00fd117e87"
                ],
                "id": "349467e2-d573-477d-9fe4-8a78aeafcd1d#-#global#-#global",
                "metadata": null,
                "parameters": null
              },
              {
                "boundaries": [
                  "2dfebb75-48ce-4cc0-8337-ae00fd117e87"
                ],
                "id": "608df590-e9df-4218-8352-5848e5d18491#-#global#-#global",
                "metadata": null,
                "parameters": null
              },
              {
                "boundaries": [
                  "2dfebb75-48ce-4cc0-8337-ae00fd117e87"
                ],
                "id": "6289bb58-de26-4ac7-86d6-0b05aab6acee#-#account#-#2eacb30f-4a0e-4435-b96b-7c67be0bcebc",
                "metadata": null,
                "parameters": {
                  "security_context_prefix": "bu2-"
                }
              },
              {
                "boundaries": [
                  "2dfebb75-48ce-4cc0-8337-ae00fd117e87"
                ],
                "id": "a1a8f46c-ee30-459d-9ad6-f0656b0ad4bd#-#global#-#global",
                "metadata": null,
                "parameters": null
              },
              {
                "boundaries": [
                  "2dfebb75-48ce-4cc0-8337-ae00fd117e87"
                ],
                "id": "e10c9d3c-034a-49af-b22e-57e2574dc233#-#global#-#global",
                "metadata": null,
                "parameters": null
              },
              {
                "boundaries": [
                  "2dfebb75-48ce-4cc0-8337-ae00fd117e87"
                ],
                "id": "fd004d9c-4b4e-49f7-bf22-b5d3e148803b#-#global#-#global",
                "metadata": null,
                "parameters": null
              },
              {
                "boundaries": [],
                "id": "a0624700-cd4e-4c1f-879f-9c249b0532f2#-#global#-#global",
                "metadata": null,
                "parameters": null
              },
              {
                "boundaries": [],
                "id": "c9fbe9a4-178c-45ab-b7b5-06e03d9a4eff#-#global#-#global",
                "metadata": null,
                "parameters": null
              }
            ]
          },
          "sensitive_attributes": [],
          "identity_schema_version": 0,
          "private": "bnVsbA==",
          "dependencies": [
            "data.dynatrace_iam_policy.read_bizevents",
            "data.dynatrace_iam_policy.read_entities",
            "data.dynatrace_iam_policy.read_events",
            "data.dynatrace_iam_policy.read_logs",
            "data.dynatrace_iam_policy.read_metrics",
            "data.dynatrace_iam_policy.read_spans",
            "data.dynatrace_iam_policy.read_system_events",
            "data.dynatrace_iam_policy.standard_user",
            "dynatrace_iam_group.application_admins",
            "dynatrace_iam_policy.scoped_data_read",
            "dynatrace_iam_policy_boundary.application_boundary"
          ]
        }
      ]
    },
    {
      "mode": "managed",
      "type": "dynatrace_iam_policy_bindings_v2",
      "name": "application_admins_settings",
      "provider": "provider[\"registry.terraform.io/dynatrace-oss/dynatrace\"]",
      "instances": [
        {
          "index_key": "petclinic01",
          "schema_version": 0,
          "attributes": {
            "account": "2eacb30f-4a0e-4435-b96b-7c67be0bcebc",
            "environment": "",
            "group": "d7cd0dc9-29c6-4655-a36e-fd8af88e2ca9",
            "id": "d7cd0dc9-29c6-4655-a36e-fd8af88e2ca9#-#account#-#2eacb30f-4a0e-4435-b96b-7c67be0bcebc",
            "policy": [
              {
                "boundaries": [
                  "0fc0f75b-1a71-438c-b882-7b62fe67be02"
                ],
                "id": "71395d0e-999f-446a-8330-8086e992deef#-#account#-#2eacb30f-4a0e-4435-b96b-7c67be0bcebc",
                "metadata": {},
                "parameters": {
                  "security_context_prefix": "bu1-"
                }
              },
              {
                "boundaries": [],
                "id": "107ab8ae-7524-4922-a0d2-6ec208e264f4#-#account#-#2eacb30f-4a0e-4435-b96b-7c67be0bcebc",
                "metadata": {},
                "parameters": {}
              }
            ]
          },
          "sensitive_attributes": [],
          "identity_schema_version": 0,
          "private": "bnVsbA==",
          "dependencies": [
            "data.dynatrace_iam_policy.read_bizevents",
            "data.dynatrace_iam_policy.read_entities",
            "data.dynatrace_iam_policy.read_events",
            "data.dynatrace_iam_policy.read_logs",
            "data.dynatrace_iam_policy.read_metrics",
            "data.dynatrace_iam_policy.read_spans",
            "data.dynatrace_iam_policy.read_system_events",
            "data.dynatrace_iam_policy.standard_user",
            "dynatrace_iam_group.application_admins",
            "dynatrace_iam_policy.scoped_data_read",
            "dynatrace_iam_policy.scoped_settings_write",
            "dynatrace_iam_policy.slo_manager",
            "dynatrace_iam_policy_bindings_v2.application_admins_data",
            "dynatrace_iam_policy_boundary.application_boundary",
            "dynatrace_iam_policy_boundary.application_settings_boundary"
          ]
        },
        {
          "index_key": "petclinic02",
          "schema_version": 0,
          "attributes": {
            "account": "2eacb30f-4a0e-4435-b96b-7c67be0bcebc",
            "environment": "",
            "group": "d7a87869-2224-44c0-94b7-5d1bcc8687c6",
            "id": "d7a87869-2224-44c0-94b7-5d1bcc8687c6#-#account#-#2eacb30f-4a0e-4435-b96b-7c67be0bcebc",
            "policy": [
              {
                "boundaries": [
                  "141ae73d-facd-4514-bd41-bb2da63331b7"
                ],
                "id": "71395d0e-999f-446a-8330-8086e992deef#-#account#-#2eacb30f-4a0e-4435-b96b-7c67be0bcebc",
                "metadata": {},
                "parameters": {
                  "security_context_prefix": "bu2-"
                }
              },
              {
                "boundaries": [],
                "id": "107ab8ae-7524-4922-a0d2-6ec208e264f4#-#account#-#2eacb30f-4a0e-4435-b96b-7c67be0bcebc",
                "metadata": {},
                "parameters": {}
              }
            ]
          },
          "sensitive_attributes": [],
          "identity_schema_version": 0,
          "private": "bnVsbA==",
          "dependencies": [
            "data.dynatrace_iam_policy.read_bizevents",
            "data.dynatrace_iam_policy.read_entities",
            "data.dynatrace_iam_policy.read_events",
            "data.dynatrace_iam_policy.read_logs",
            "data.dynatrace_iam_policy.read_metrics",
            "data.dynatrace_iam_policy.read_spans",
            "data.dynatrace_iam_policy.read_system_events",
            "data.dynatrace_iam_policy.standard_user",
            "dynatrace_iam_group.application_admins",
            "dynatrace_iam_policy.scoped_data_read",
            "dynatrace_iam_policy.scoped_settings_write",
            "dynatrace_iam_policy.slo_manager",
            "dynatrace_iam_policy_bindings_v2.application_admins_data",
            "dynatrace_iam_policy_boundary.application_boundary",
            "dynatrace_iam_policy_boundary.application_settings_boundary"
          ]
        }
      ]
    },
    {
      "mode": "managed",
      "type": "dynatrace_iam_policy_bindings_v2",
      "name": "application_users_data",
      "provider": "provider[\"registry.terraform.io/dynatrace-oss/dynatrace\"]",
      "instances": [
        {
          "index_key": "petclinic01",
          "schema_version": 0,
          "attributes": {
            "account": "2eacb30f-4a0e-4435-b96b-7c67be0bcebc",
            "environment": "",
            "group": "7ef34587-e958-499c-9767-4c5c21b9b82d",
            "id": "7ef34587-e958-499c-9767-4c5c21b9b82d#-#account#-#2eacb30f-4a0e-4435-b96b-7c67be0bcebc",
            "policy": [
              {
                "boundaries": [
                  "0fc0f75b-1a71-438c-b882-7b62fe67be02"
                ],
                "id": "53f33280-ccb5-40cf-b241-d9395a009cf4#-#account#-#2eacb30f-4a0e-4435-b96b-7c67be0bcebc",
                "metadata": {},
                "parameters": {
                  "security_context_prefix": "bu1-"
                }
              },
              {
                "boundaries": [
                  "d2dda510-004a-4218-9075-d5e2d0bae9a6"
                ],
                "id": "27a94c45-5a4f-4e1a-87aa-2d1f6b380e18#-#global#-#global",
                "metadata": null,
                "parameters": null
              },
              {
                "boundaries": [
                  "d2dda510-004a-4218-9075-d5e2d0bae9a6"
                ],
                "id": "349467e2-d573-477d-9fe4-8a78aeafcd1d#-#global#-#global",
                "metadata": null,
                "parameters": null
              },
              {
                "boundaries": [
                  "d2dda510-004a-4218-9075-d5e2d0bae9a6"
                ],
                "id": "608df590-e9df-4218-8352-5848e5d18491#-#global#-#global",
                "metadata": null,
                "parameters": null
              },
              {
                "boundaries": [
                  "d2dda510-004a-4218-9075-d5e2d0bae9a6"
                ],
                "id": "6289bb58-de26-4ac7-86d6-0b05aab6acee#-#account#-#2eacb30f-4a0e-4435-b96b-7c67be0bcebc",
                "metadata": {},
                "parameters": {
                  "security_context_prefix": "bu1-"
                }
              },
              {
                "boundaries": [
                  "d2dda510-004a-4218-9075-d5e2d0bae9a6"
                ],
                "id": "a1a8f46c-ee30-459d-9ad6-f0656b0ad4bd#-#global#-#global",
                "metadata": {},
                "parameters": {}
              },
              {
                "boundaries": [
                  "d2dda510-004a-4218-9075-d5e2d0bae9a6"
                ],
                "id": "e10c9d3c-034a-49af-b22e-57e2574dc233#-#global#-#global",
                "metadata": null,
                "parameters": null
              },
              {
                "boundaries": [
                  "d2dda510-004a-4218-9075-d5e2d0bae9a6"
                ],
                "id": "fd004d9c-4b4e-49f7-bf22-b5d3e148803b#-#global#-#global",
                "metadata": null,
                "parameters": null
              },
              {
                "boundaries": [],
                "id": "a0624700-cd4e-4c1f-879f-9c249b0532f2#-#global#-#global",
                "metadata": {},
                "parameters": {}
              }
            ]
          },
          "sensitive_attributes": [],
          "identity_schema_version": 0,
          "private": "bnVsbA==",
          "dependencies": [
            "data.dynatrace_iam_policy.read_bizevents",
            "data.dynatrace_iam_policy.read_entities",
            "data.dynatrace_iam_policy.read_events",
            "data.dynatrace_iam_policy.read_logs",
            "data.dynatrace_iam_policy.read_metrics",
            "data.dynatrace_iam_policy.read_spans",
            "data.dynatrace_iam_policy.standard_user",
            "dynatrace_iam_group.application_users",
            "dynatrace_iam_policy.scoped_data_read",
            "dynatrace_iam_policy.scoped_settings_read",
            "dynatrace_iam_policy_boundary.application_boundary",
            "dynatrace_iam_policy_boundary.application_settings_boundary"
          ]
        },
        {
          "index_key": "petclinic02",
          "schema_version": 0,
          "attributes": {
            "account": "2eacb30f-4a0e-4435-b96b-7c67be0bcebc",
            "environment": "",
            "group": "5122a509-5067-467d-9742-f9582e56e910",
            "id": "5122a509-5067-467d-9742-f9582e56e910#-#account#-#2eacb30f-4a0e-4435-b96b-7c67be0bcebc",
            "policy": [
              {
                "boundaries": [
                  "141ae73d-facd-4514-bd41-bb2da63331b7"
                ],
                "id": "53f33280-ccb5-40cf-b241-d9395a009cf4#-#account#-#2eacb30f-4a0e-4435-b96b-7c67be0bcebc",
                "metadata": {},
                "parameters": {
                  "security_context_prefix": "bu2-"
                }
              },
              {
                "boundaries": [
                  "2dfebb75-48ce-4cc0-8337-ae00fd117e87"
                ],
                "id": "27a94c45-5a4f-4e1a-87aa-2d1f6b380e18#-#global#-#global",
                "metadata": null,
                "parameters": null
              },
              {
                "boundaries": [
                  "2dfebb75-48ce-4cc0-8337-ae00fd117e87"
                ],
                "id": "349467e2-d573-477d-9fe4-8a78aeafcd1d#-#global#-#global",
                "metadata": null,
                "parameters": null
              },
              {
                "boundaries": [
                  "2dfebb75-48ce-4cc0-8337-ae00fd117e87"
                ],
                "id": "608df590-e9df-4218-8352-5848e5d18491#-#global#-#global",
                "metadata": null,
                "parameters": null
              },
              {
                "boundaries": [
                  "2dfebb75-48ce-4cc0-8337-ae00fd117e87"
                ],
                "id": "6289bb58-de26-4ac7-86d6-0b05aab6acee#-#account#-#2eacb30f-4a0e-4435-b96b-7c67be0bcebc",
                "metadata": {},
                "parameters": {
                  "security_context_prefix": "bu2-"
                }
              },
              {
                "boundaries": [
                  "2dfebb75-48ce-4cc0-8337-ae00fd117e87"
                ],
                "id": "a1a8f46c-ee30-459d-9ad6-f0656b0ad4bd#-#global#-#global",
                "metadata": {},
                "parameters": {}
              },
              {
                "boundaries": [
                  "2dfebb75-48ce-4cc0-8337-ae00fd117e87"
                ],
                "id": "e10c9d3c-034a-49af-b22e-57e2574dc233#-#global#-#global",
                "metadata": null,
                "parameters": null
              },
              {
                "boundaries": [
                  "2dfebb75-48ce-4cc0-8337-ae00fd117e87"
                ],
                "id": "fd004d9c-4b4e-49f7-bf22-b5d3e148803b#-#global#-#global",
                "metadata": null,
                "parameters": null
              },
              {
                "boundaries": [],
                "id": "a0624700-cd4e-4c1f-879f-9c249b0532f2#-#global#-#global",
                "metadata": {},
                "parameters": {}
              }
            ]
          },
          "sensitive_attributes": [],
          "identity_schema_version": 0,
          "private": "bnVsbA==",
          "dependencies": [
            "data.dynatrace_iam_policy.read_bizevents",
            "data.dynatrace_iam_policy.read_entities",
            "data.dynatrace_iam_policy.read_events",
            "data.dynatrace_iam_policy.read_logs",
            "data.dynatrace_iam_policy.read_metrics",
            "data.dynatrace_iam_policy.read_spans",
            "data.dynatrace_iam_policy.standard_user",
            "dynatrace_iam_group.application_users",
            "dynatrace_iam_policy.scoped_data_read",
            "dynatrace_iam_policy.scoped_settings_read",
            "dynatrace_iam_policy_boundary.application_boundary",
            "dynatrace_iam_policy_boundary.application_settings_boundary"
          ]
        }
      ]
    },
    {
      "mode": "managed",
      "type": "dynatrace_iam_policy_bindings_v2",
      "name": "bu_admins_data",
      "provider": "provider[\"registry.terraform.io/dynatrace-oss/dynatrace\"]",
      "instances": [
        {
          "index_key": "bu1",
          "schema_version": 0,
          "attributes": {
            "account": "2eacb30f-4a0e-4435-b96b-7c67be0bcebc",
            "environment": "",
            "group": "de1c239c-15ea-45c9-956b-34cb9659d936",
            "id": "de1c239c-15ea-45c9-956b-34cb9659d936#-#account#-#2eacb30f-4a0e-4435-b96b-7c67be0bcebc",
            "policy": [
              {
                "boundaries": [
                  "52c851ec-5d7f-4d42-a7c5-5a386a48ab81"
                ],
                "id": "27a94c45-5a4f-4e1a-87aa-2d1f6b380e18#-#global#-#global",
                "metadata": null,
                "parameters": null
              },
              {
                "boundaries": [
                  "52c851ec-5d7f-4d42-a7c5-5a386a48ab81"
                ],
                "id": "349467e2-d573-477d-9fe4-8a78aeafcd1d#-#global#-#global",
                "metadata": null,
                "parameters": null
              },
              {
                "boundaries": [
                  "52c851ec-5d7f-4d42-a7c5-5a386a48ab81"
                ],
                "id": "608df590-e9df-4218-8352-5848e5d18491#-#global#-#global",
                "metadata": null,
                "parameters": null
              },
              {
                "boundaries": [
                  "52c851ec-5d7f-4d42-a7c5-5a386a48ab81"
                ],
                "id": "6289bb58-de26-4ac7-86d6-0b05aab6acee#-#account#-#2eacb30f-4a0e-4435-b96b-7c67be0bcebc",
                "metadata": null,
                "parameters": {
                  "security_context_prefix": "bu1-"
                }
              },
              {
                "boundaries": [
                  "52c851ec-5d7f-4d42-a7c5-5a386a48ab81"
                ],
                "id": "a1a8f46c-ee30-459d-9ad6-f0656b0ad4bd#-#global#-#global",
                "metadata": null,
                "parameters": null
              },
              {
                "boundaries": [
                  "52c851ec-5d7f-4d42-a7c5-5a386a48ab81"
                ],
                "id": "e10c9d3c-034a-49af-b22e-57e2574dc233#-#global#-#global",
                "metadata": null,
                "parameters": null
              },
              {
                "boundaries": [
                  "52c851ec-5d7f-4d42-a7c5-5a386a48ab81"
                ],
                "id": "fd004d9c-4b4e-49f7-bf22-b5d3e148803b#-#global#-#global",
                "metadata": null,
                "parameters": null
              },
              {
                "boundaries": [],
                "id": "a0624700-cd4e-4c1f-879f-9c249b0532f2#-#global#-#global",
                "metadata": null,
                "parameters": null
              },
              {
                "boundaries": [],
                "id": "c9fbe9a4-178c-45ab-b7b5-06e03d9a4eff#-#global#-#global",
                "metadata": null,
                "parameters": null
              },
              {
                "boundaries": [],
                "id": "d796c7d1-0620-4b94-9d6e-e51e1ae5e5c9#-#account#-#2eacb30f-4a0e-4435-b96b-7c67be0bcebc",
                "metadata": null,
                "parameters": null
              }
            ]
          },
          "sensitive_attributes": [],
          "identity_schema_version": 0,
          "private": "bnVsbA==",
          "dependencies": [
            "data.dynatrace_iam_policy.read_bizevents",
            "data.dynatrace_iam_policy.read_entities",
            "data.dynatrace_iam_policy.read_events",
            "data.dynatrace_iam_policy.read_logs",
            "data.dynatrace_iam_policy.read_metrics",
            "data.dynatrace_iam_policy.read_spans",
            "data.dynatrace_iam_policy.read_system_events",
            "data.dynatrace_iam_policy.standard_user",
            "dynatrace_iam_group.bu_admins",
            "dynatrace_iam_policy.admin_features",
            "dynatrace_iam_policy.scoped_data_read",
            "dynatrace_iam_policy_boundary.bu_boundary"
          ]
        },
        {
          "index_key": "bu2",
          "schema_version": 0,
          "attributes": {
            "account": "2eacb30f-4a0e-4435-b96b-7c67be0bcebc",
            "environment": "",
            "group": "ce9cfe40-c683-44cf-9911-29871b1ff61a",
            "id": "ce9cfe40-c683-44cf-9911-29871b1ff61a#-#account#-#2eacb30f-4a0e-4435-b96b-7c67be0bcebc",
            "policy": [
              {
                "boundaries": [
                  "40afe089-a5bf-4a27-9512-d041f7e9efe2"
                ],
                "id": "27a94c45-5a4f-4e1a-87aa-2d1f6b380e18#-#global#-#global",
                "metadata": null,
                "parameters": null
              },
              {
                "boundaries": [
                  "40afe089-a5bf-4a27-9512-d041f7e9efe2"
                ],
                "id": "349467e2-d573-477d-9fe4-8a78aeafcd1d#-#global#-#global",
                "metadata": null,
                "parameters": null
              },
              {
                "boundaries": [
                  "40afe089-a5bf-4a27-9512-d041f7e9efe2"
                ],
                "id": "608df590-e9df-4218-8352-5848e5d18491#-#global#-#global",
                "metadata": null,
                "parameters": null
              },
              {
                "boundaries": [
                  "40afe089-a5bf-4a27-9512-d041f7e9efe2"
                ],
                "id": "6289bb58-de26-4ac7-86d6-0b05aab6acee#-#account#-#2eacb30f-4a0e-4435-b96b-7c67be0bcebc",
                "metadata": null,
                "parameters": {
                  "security_context_prefix": "bu2-"
                }
              },
              {
                "boundaries": [
                  "40afe089-a5bf-4a27-9512-d041f7e9efe2"
                ],
                "id": "a1a8f46c-ee30-459d-9ad6-f0656b0ad4bd#-#global#-#global",
                "metadata": null,
                "parameters": null
              },
              {
                "boundaries": [
                  "40afe089-a5bf-4a27-9512-d041f7e9efe2"
                ],
                "id": "e10c9d3c-034a-49af-b22e-57e2574dc233#-#global#-#global",
                "metadata": null,
                "parameters": null
              },
              {
                "boundaries": [
                  "40afe089-a5bf-4a27-9512-d041f7e9efe2"
                ],
                "id": "fd004d9c-4b4e-49f7-bf22-b5d3e148803b#-#global#-#global",
                "metadata": null,
                "parameters": null
              },
              {
                "boundaries": [],
                "id": "a0624700-cd4e-4c1f-879f-9c249b0532f2#-#global#-#global",
                "metadata": null,
                "parameters": null
              },
              {
                "boundaries": [],
                "id": "c9fbe9a4-178c-45ab-b7b5-06e03d9a4eff#-#global#-#global",
                "metadata": null,
                "parameters": null
              },
              {
                "boundaries": [],
                "id": "d796c7d1-0620-4b94-9d6e-e51e1ae5e5c9#-#account#-#2eacb30f-4a0e-4435-b96b-7c67be0bcebc",
                "metadata": null,
                "parameters": null
              }
            ]
          },
          "sensitive_attributes": [],
          "identity_schema_version": 0,
          "private": "bnVsbA==",
          "dependencies": [
            "data.dynatrace_iam_policy.read_bizevents",
            "data.dynatrace_iam_policy.read_entities",
            "data.dynatrace_iam_policy.read_events",
            "data.dynatrace_iam_policy.read_logs",
            "data.dynatrace_iam_policy.read_metrics",
            "data.dynatrace_iam_policy.read_spans",
            "data.dynatrace_iam_policy.read_system_events",
            "data.dynatrace_iam_policy.standard_user",
            "dynatrace_iam_group.bu_admins",
            "dynatrace_iam_policy.admin_features",
            "dynatrace_iam_policy.scoped_data_read",
            "dynatrace_iam_policy_boundary.bu_boundary"
          ]
        }
      ]
    },
    {
      "mode": "managed",
      "type": "dynatrace_iam_policy_bindings_v2",
      "name": "bu_admins_settings",
      "provider": "provider[\"registry.terraform.io/dynatrace-oss/dynatrace\"]",
      "instances": [
        {
          "index_key": "bu1",
          "schema_version": 0,
          "attributes": {
            "account": "2eacb30f-4a0e-4435-b96b-7c67be0bcebc",
            "environment": "",
            "group": "de1c239c-15ea-45c9-956b-34cb9659d936",
            "id": "de1c239c-15ea-45c9-956b-34cb9659d936#-#account#-#2eacb30f-4a0e-4435-b96b-7c67be0bcebc",
            "policy": [
              {
                "boundaries": [
                  "846ea5e5-2cb2-4d1a-8b18-572f966ee2b6"
                ],
                "id": "71395d0e-999f-446a-8330-8086e992deef#-#account#-#2eacb30f-4a0e-4435-b96b-7c67be0bcebc",
                "metadata": {},
                "parameters": {
                  "security_context_prefix": "bu1-"
                }
              }
            ]
          },
          "sensitive_attributes": [],
          "identity_schema_version": 0,
          "private": "bnVsbA==",
          "dependencies": [
            "data.dynatrace_iam_policy.read_bizevents",
            "data.dynatrace_iam_policy.read_entities",
            "data.dynatrace_iam_policy.read_events",
            "data.dynatrace_iam_policy.read_logs",
            "data.dynatrace_iam_policy.read_metrics",
            "data.dynatrace_iam_policy.read_spans",
            "data.dynatrace_iam_policy.read_system_events",
            "data.dynatrace_iam_policy.standard_user",
            "dynatrace_iam_group.bu_admins",
            "dynatrace_iam_policy.admin_features",
            "dynatrace_iam_policy.scoped_data_read",
            "dynatrace_iam_policy.scoped_settings_write",
            "dynatrace_iam_policy_bindings_v2.bu_admins_data",
            "dynatrace_iam_policy_boundary.bu_boundary",
            "dynatrace_iam_policy_boundary.bu_settings_boundary"
          ]
        },
        {
          "index_key": "bu2",
          "schema_version": 0,
          "attributes": {
            "account": "2eacb30f-4a0e-4435-b96b-7c67be0bcebc",
            "environment": "",
            "group": "ce9cfe40-c683-44cf-9911-29871b1ff61a",
            "id": "ce9cfe40-c683-44cf-9911-29871b1ff61a#-#account#-#2eacb30f-4a0e-4435-b96b-7c67be0bcebc",
            "policy": [
              {
                "boundaries": [
                  "18c1f0c7-22c7-4954-8525-55222c23b837"
                ],
                "id": "71395d0e-999f-446a-8330-8086e992deef#-#account#-#2eacb30f-4a0e-4435-b96b-7c67be0bcebc",
                "metadata": {},
                "parameters": {
                  "security_context_prefix": "bu2-"
                }
              }
            ]
          },
          "sensitive_attributes": [],
          "identity_schema_version": 0,
          "private": "bnVsbA==",
          "dependencies": [
            "data.dynatrace_iam_policy.read_bizevents",
            "data.dynatrace_iam_policy.read_entities",
            "data.dynatrace_iam_policy.read_events",
            "data.dynatrace_iam_policy.read_logs",
            "data.dynatrace_iam_policy.read_metrics",
            "data.dynatrace_iam_policy.read_spans",
            "data.dynatrace_iam_policy.read_system_events",
            "data.dynatrace_iam_policy.standard_user",
            "dynatrace_iam_group.bu_admins",
            "dynatrace_iam_policy.admin_features",
            "dynatrace_iam_policy.scoped_data_read",
            "dynatrace_iam_policy.scoped_settings_write",
            "dynatrace_iam_policy_bindings_v2.bu_admins_data",
            "dynatrace_iam_policy_boundary.bu_boundary",
            "dynatrace_iam_policy_boundary.bu_settings_boundary"
          ]
        }
      ]
    },
    {
      "mode": "managed",
      "type": "dynatrace_iam_policy_bindings_v2",
      "name": "bu_users_data",
      "provider": "provider[\"registry.terraform.io/dynatrace-oss/dynatrace\"]",
      "instances": [
        {
          "index_key": "bu1",
          "schema_version": 0,
          "attributes": {
            "account": "2eacb30f-4a0e-4435-b96b-7c67be0bcebc",
            "environment": "",
            "group": "3d53bab9-7273-4ee2-9e5a-239a024c89c8",
            "id": "3d53bab9-7273-4ee2-9e5a-239a024c89c8#-#account#-#2eacb30f-4a0e-4435-b96b-7c67be0bcebc",
            "policy": [
              {
                "boundaries": [
                  "52c851ec-5d7f-4d42-a7c5-5a386a48ab81"
                ],
                "id": "27a94c45-5a4f-4e1a-87aa-2d1f6b380e18#-#global#-#global",
                "metadata": null,
                "parameters": null
              },
              {
                "boundaries": [
                  "52c851ec-5d7f-4d42-a7c5-5a386a48ab81"
                ],
                "id": "349467e2-d573-477d-9fe4-8a78aeafcd1d#-#global#-#global",
                "metadata": null,
                "parameters": null
              },
              {
                "boundaries": [
                  "52c851ec-5d7f-4d42-a7c5-5a386a48ab81"
                ],
                "id": "608df590-e9df-4218-8352-5848e5d18491#-#global#-#global",
                "metadata": null,
                "parameters": null
              },
              {
                "boundaries": [
                  "52c851ec-5d7f-4d42-a7c5-5a386a48ab81"
                ],
                "id": "6289bb58-de26-4ac7-86d6-0b05aab6acee#-#account#-#2eacb30f-4a0e-4435-b96b-7c67be0bcebc",
                "metadata": {},
                "parameters": {
                  "security_context_prefix": "bu1-"
                }
              },
              {
                "boundaries": [
                  "52c851ec-5d7f-4d42-a7c5-5a386a48ab81"
                ],
                "id": "a1a8f46c-ee30-459d-9ad6-f0656b0ad4bd#-#global#-#global",
                "metadata": {},
                "parameters": {}
              },
              {
                "boundaries": [
                  "52c851ec-5d7f-4d42-a7c5-5a386a48ab81"
                ],
                "id": "e10c9d3c-034a-49af-b22e-57e2574dc233#-#global#-#global",
                "metadata": null,
                "parameters": null
              },
              {
                "boundaries": [
                  "52c851ec-5d7f-4d42-a7c5-5a386a48ab81"
                ],
                "id": "fd004d9c-4b4e-49f7-bf22-b5d3e148803b#-#global#-#global",
                "metadata": null,
                "parameters": null
              },
              {
                "boundaries": [
                  "846ea5e5-2cb2-4d1a-8b18-572f966ee2b6"
                ],
                "id": "53f33280-ccb5-40cf-b241-d9395a009cf4#-#account#-#2eacb30f-4a0e-4435-b96b-7c67be0bcebc",
                "metadata": {},
                "parameters": {
                  "security_context_prefix": "bu1-"
                }
              },
              {
                "boundaries": [],
                "id": "a0624700-cd4e-4c1f-879f-9c249b0532f2#-#global#-#global",
                "metadata": {},
                "parameters": {}
              }
            ]
          },
          "sensitive_attributes": [],
          "identity_schema_version": 0,
          "private": "bnVsbA==",
          "dependencies": [
            "data.dynatrace_iam_policy.read_bizevents",
            "data.dynatrace_iam_policy.read_entities",
            "data.dynatrace_iam_policy.read_events",
            "data.dynatrace_iam_policy.read_logs",
            "data.dynatrace_iam_policy.read_metrics",
            "data.dynatrace_iam_policy.read_spans",
            "data.dynatrace_iam_policy.standard_user",
            "dynatrace_iam_group.bu_users",
            "dynatrace_iam_policy.scoped_data_read",
            "dynatrace_iam_policy.scoped_settings_read",
            "dynatrace_iam_policy_boundary.bu_boundary",
            "dynatrace_iam_policy_boundary.bu_settings_boundary"
          ]
        },
        {
          "index_key": "bu2",
          "schema_version": 0,
          "attributes": {
            "account": "2eacb30f-4a0e-4435-b96b-7c67be0bcebc",
            "environment": "",
            "group": "5c21f622-faa8-42c4-a5b3-b8c0725cc1af",
            "id": "5c21f622-faa8-42c4-a5b3-b8c0725cc1af#-#account#-#2eacb30f-4a0e-4435-b96b-7c67be0bcebc",
            "policy": [
              {
                "boundaries": [
                  "18c1f0c7-22c7-4954-8525-55222c23b837"
                ],
                "id": "53f33280-ccb5-40cf-b241-d9395a009cf4#-#account#-#2eacb30f-4a0e-4435-b96b-7c67be0bcebc",
                "metadata": {},
                "parameters": {
                  "security_context_prefix": "bu2-"
                }
              },
              {
                "boundaries": [
                  "40afe089-a5bf-4a27-9512-d041f7e9efe2"
                ],
                "id": "27a94c45-5a4f-4e1a-87aa-2d1f6b380e18#-#global#-#global",
                "metadata": null,
                "parameters": null
              },
              {
                "boundaries": [
                  "40afe089-a5bf-4a27-9512-d041f7e9efe2"
                ],
                "id": "349467e2-d573-477d-9fe4-8a78aeafcd1d#-#global#-#global",
                "metadata": null,
                "parameters": null
              },
              {
                "boundaries": [
                  "40afe089-a5bf-4a27-9512-d041f7e9efe2"
                ],
                "id": "608df590-e9df-4218-8352-5848e5d18491#-#global#-#global",
                "metadata": null,
                "parameters": null
              },
              {
                "boundaries": [
                  "40afe089-a5bf-4a27-9512-d041f7e9efe2"
                ],
                "id": "6289bb58-de26-4ac7-86d6-0b05aab6acee#-#account#-#2eacb30f-4a0e-4435-b96b-7c67be0bcebc",
                "metadata": {},
                "parameters": {
                  "security_context_prefix": "bu2-"
                }
              },
              {
                "boundaries": [
                  "40afe089-a5bf-4a27-9512-d041f7e9efe2"
                ],
                "id": "a1a8f46c-ee30-459d-9ad6-f0656b0ad4bd#-#global#-#global",
                "metadata": {},
                "parameters": {}
              },
              {
                "boundaries": [
                  "40afe089-a5bf-4a27-9512-d041f7e9efe2"
                ],
                "id": "e10c9d3c-034a-49af-b22e-57e2574dc233#-#global#-#global",
                "metadata": null,
                "parameters": null
              },
              {
                "boundaries": [
                  "40afe089-a5bf-4a27-9512-d041f7e9efe2"
                ],
                "id": "fd004d9c-4b4e-49f7-bf22-b5d3e148803b#-#global#-#global",
                "metadata": null,
                "parameters": null
              },
              {
                "boundaries": [],
                "id": "a0624700-cd4e-4c1f-879f-9c249b0532f2#-#global#-#global",
                "metadata": {},
                "parameters": {}
              }
            ]
          },
          "sensitive_attributes": [],
          "identity_schema_version": 0,
          "private": "bnVsbA==",
          "dependencies": [
            "data.dynatrace_iam_policy.read_bizevents",
            "data.dynatrace_iam_policy.read_entities",
            "data.dynatrace_iam_policy.read_events",
            "data.dynatrace_iam_policy.read_logs",
            "data.dynatrace_iam_policy.read_metrics",
            "data.dynatrace_iam_policy.read_spans",
            "data.dynatrace_iam_policy.standard_user",
            "dynatrace_iam_group.bu_users",
            "dynatrace_iam_policy.scoped_data_read",
            "dynatrace_iam_policy.scoped_settings_read",
            "dynatrace_iam_policy_boundary.bu_boundary",
            "dynatrace_iam_policy_boundary.bu_settings_boundary"
          ]
        }
      ]
    },
    {
      "mode": "managed",
      "type": "dynatrace_iam_policy_boundary",
      "name": "application_boundary",
      "provider": "provider[\"registry.terraform.io/dynatrace-oss/dynatrace\"]",
      "instances": [
        {
          "index_key": "petclinic01",
          "schema_version": 0,
          "attributes": {
            "id": "d2dda510-004a-4218-9075-d5e2d0bae9a6",
            "name": "Boundary-petclinic01",
            "query": "storage:dt.security_context startsWith \"bu1-prod-petclinic01\";\nstorage:dt.security_context startsWith \"bu1-dev-petclinic01\";"
          },
          "sensitive_attributes": [],
          "identity_schema_version": 0,
          "private": "bnVsbA=="
        },
        {
          "index_key": "petclinic02",
          "schema_version": 0,
          "attributes": {
            "id": "2dfebb75-48ce-4cc0-8337-ae00fd117e87",
            "name": "Boundary-petclinic02",
            "query": "storage:dt.security_context startsWith \"bu2-prod-petclinic02\";\nstorage:dt.security_context startsWith \"bu2-dev-petclinic02\";"
          },
          "sensitive_attributes": [],
          "identity_schema_version": 0,
          "private": "bnVsbA=="
        }
      ]
    },
    {
      "mode": "managed",
      "type": "dynatrace_iam_policy_boundary",
      "name": "application_settings_boundary",
      "provider": "provider[\"registry.terraform.io/dynatrace-oss/dynatrace\"]",
      "instances": [
        {
          "index_key": "petclinic01",
          "schema_version": 0,
          "attributes": {
            "id": "0fc0f75b-1a71-438c-b882-7b62fe67be02",
            "name": "Boundary-petclinic01-Settings",
            "query": "settings:dt.security_context startsWith \"bu1-prod-petclinic01\";\nsettings:dt.security_context startsWith \"bu1-dev-petclinic01\";"
          },
          "sensitive_attributes": [],
          "identity_schema_version": 0,
          "private": "bnVsbA=="
        },
        {
          "index_key": "petclinic02",
          "schema_version": 0,
          "attributes": {
            "id": "141ae73d-facd-4514-bd41-bb2da63331b7",
            "name": "Boundary-petclinic02-Settings",
            "query": "settings:dt.security_context startsWith \"bu2-prod-petclinic02\";\nsettings:dt.security_context startsWith \"bu2-dev-petclinic02\";"
          },
          "sensitive_attributes": [],
          "identity_schema_version": 0,
          "private": "bnVsbA=="
        }
      ]
    },
    {
      "mode": "managed",
      "type": "dynatrace_iam_policy_boundary",
      "name": "bu_boundary",
      "provider": "provider[\"registry.terraform.io/dynatrace-oss/dynatrace\"]",
      "instances": [
        {
          "index_key": "bu1",
          "schema_version": 0,
          "attributes": {
            "id": "52c851ec-5d7f-4d42-a7c5-5a386a48ab81",
            "name": "Boundary-bu1",
            "query": "storage:dt.security_context startsWith \"bu1-\";"
          },
          "sensitive_attributes": [],
          "identity_schema_version": 0,
          "private": "bnVsbA=="
        },
        {
          "index_key": "bu2",
          "schema_version": 0,
          "attributes": {
            "id": "40afe089-a5bf-4a27-9512-d041f7e9efe2",
            "name": "Boundary-bu2",
            "query": "storage:dt.security_context startsWith \"bu2-\";"
          },
          "sensitive_attributes": [],
          "identity_schema_version": 0,
          "private": "bnVsbA=="
        }
      ]
    },
    {
      "mode": "managed",
      "type": "dynatrace_iam_policy_boundary",
      "name": "bu_settings_boundary",
      "provider": "provider[\"registry.terraform.io/dynatrace-oss/dynatrace\"]",
      "instances": [
        {
          "index_key": "bu1",
          "schema_version": 0,
          "attributes": {
            "id": "846ea5e5-2cb2-4d1a-8b18-572f966ee2b6",
            "name": "Boundary-bu1-Settings",
            "query": "settings:dt.security_context startsWith \"bu1-\";"
          },
          "sensitive_attributes": [],
          "identity_schema_version": 0,
          "private": "bnVsbA=="
        },
        {
          "index_key": "bu2",
          "schema_version": 0,
          "attributes": {
            "id": "18c1f0c7-22c7-4954-8525-55222c23b837",
            "name": "Boundary-bu2-Settings",
            "query": "settings:dt.security_context startsWith \"bu2-\";"
          },
          "sensitive_attributes": [],
          "identity_schema_version": 0,
          "private": "bnVsbA=="
        }
      ]
    }
  ],
  "check_results": null
}
